
Microsoft Visual Studio Solution File, Format Version 12.00
# Visual Studio Version 16
VisualStudioVersion = 16.0.30114.105
MinimumVisualStudioVersion = 10.0.40219.1
Project("{8BC9CEB8-8B4A-11D0-8D11-00A0C91BC942}") = "1037", "1037\1037.vcxproj", "{942C2634-60A1-48EA-900F-764A7EE9D02B}"
EndProject
Global
	GlobalSection(SolutionConfigurationPlatforms) = preSolution
		Debug|x64 = Debug|x64
		Debug|x86 = Debug|x86
		Release|x64 = Release|x64
		Release|x86 = Release|x86
	EndGlobalSection
	GlobalSection(ProjectConfigurationPlatforms) = postSolution
		{942C2634-60A1-48EA-900F-764A7EE9D02B}.Debug|x64.ActiveCfg = Debug|x64
		{942C2634-60A1-48EA-900F-764A7EE9D02B}.Debug|x64.Build.0 = Debug|x64
		{942C2634-60A1-48EA-900F-764A7EE9D02B}.Debug|x86.ActiveCfg = Debug|Win32
		{942C2634-60A1-48EA-900F-764A7EE9D02B}.Debug|x86.Build.0 = Debug|Win32
		{942C2634-60A1-48EA-900F-764A7EE9D02B}.Release|x64.ActiveCfg = Release|x64
		{942C2634-60A1-48EA-900F-764A7EE9D02B}.Release|x64.Build.0 = Release|x64
		{942C2634-60A1-48EA-900F-764A7EE9D02B}.Release|x86.ActiveCfg = Release|Win32
		{942C2634-60A1-48EA-900F-764A7EE9D02B}.Release|x86.Build.0 = Release|Win32
	EndGlobalSection
	GlobalSection(SolutionProperties) = preSolution
		HideSolutionNode = FALSE
	EndGlobalSection
	GlobalSection(ExtensibilityGlobals) = postSolution
		SolutionGuid = {EEBE3344-4EF7-4D72-AE0D-8F387FCB121B}
	EndGlobalSection
EndGlobal
