
Microsoft Visual Studio Solution File, Format Version 12.00
# Visual Studio Version 16
VisualStudioVersion = 16.0.30114.105
MinimumVisualStudioVersion = 10.0.40219.1
Project("{8BC9CEB8-8B4A-11D0-8D11-00A0C91BC942}") = "10828", "10828\10828.vcxproj", "{97F8869E-8F2C-4EA1-B091-98924BC2CD4D}"
EndProject
Global
	GlobalSection(SolutionConfigurationPlatforms) = preSolution
		Debug|x64 = Debug|x64
		Debug|x86 = Debug|x86
		Release|x64 = Release|x64
		Release|x86 = Release|x86
	EndGlobalSection
	GlobalSection(ProjectConfigurationPlatforms) = postSolution
		{97F8869E-8F2C-4EA1-B091-98924BC2CD4D}.Debug|x64.ActiveCfg = Debug|x64
		{97F8869E-8F2C-4EA1-B091-98924BC2CD4D}.Debug|x64.Build.0 = Debug|x64
		{97F8869E-8F2C-4EA1-B091-98924BC2CD4D}.Debug|x86.ActiveCfg = Debug|Win32
		{97F8869E-8F2C-4EA1-B091-98924BC2CD4D}.Debug|x86.Build.0 = Debug|Win32
		{97F8869E-8F2C-4EA1-B091-98924BC2CD4D}.Release|x64.ActiveCfg = Release|x64
		{97F8869E-8F2C-4EA1-B091-98924BC2CD4D}.Release|x64.Build.0 = Release|x64
		{97F8869E-8F2C-4EA1-B091-98924BC2CD4D}.Release|x86.ActiveCfg = Release|Win32
		{97F8869E-8F2C-4EA1-B091-98924BC2CD4D}.Release|x86.Build.0 = Release|Win32
	EndGlobalSection
	GlobalSection(SolutionProperties) = preSolution
		HideSolutionNode = FALSE
	EndGlobalSection
	GlobalSection(ExtensibilityGlobals) = postSolution
		SolutionGuid = {49087D04-4919-408E-ABF8-EADB6C9D1901}
	EndGlobalSection
EndGlobal
